
Microsoft Visual Studio Solution File, Format Version 12.00
# Visual Studio Version 17
VisualStudioVersion = 17.9.34723.18
MinimumVisualStudioVersion = 10.0.40219.1
Project("{FAE04EC0-301F-11D3-BF4B-00C04F79EFBC}") = "Eduhome Project (Final)", "Eduhome Project (Final)\Eduhome Project (Final).csproj", "{0EDC3AD8-4559-43F3-9371-A7CF78B6FF8E}"
EndProject
Global
	GlobalSection(SolutionConfigurationPlatforms) = preSolution
		Debug|Any CPU = Debug|Any CPU
		Release|Any CPU = Release|Any CPU
	EndGlobalSection
	GlobalSection(ProjectConfigurationPlatforms) = postSolution
		{0EDC3AD8-4559-43F3-9371-A7CF78B6FF8E}.Debug|Any CPU.ActiveCfg = Debug|Any CPU
		{0EDC3AD8-4559-43F3-9371-A7CF78B6FF8E}.Debug|Any CPU.Build.0 = Debug|Any CPU
		{0EDC3AD8-4559-43F3-9371-A7CF78B6FF8E}.Release|Any CPU.ActiveCfg = Release|Any CPU
		{0EDC3AD8-4559-43F3-9371-A7CF78B6FF8E}.Release|Any CPU.Build.0 = Release|Any CPU
	EndGlobalSection
	GlobalSection(SolutionProperties) = preSolution
		HideSolutionNode = FALSE
	EndGlobalSection
	GlobalSection(ExtensibilityGlobals) = postSolution
		SolutionGuid = {A6A661D2-A504-47A5-AFC3-ADF45B7C70B4}
	EndGlobalSection
EndGlobal
